# This file is automatically @generated by Poetry 1.8.4 and should not be changed by hand.

[[package]]
name = "antlr4-python3-runtime"
version = "4.13.2"
description = "ANTLR 4.13.2 runtime for Python 3"
optional = false
python-versions = "*"
files = [
    {file = "antlr4_python3_runtime-4.13.2-py3-none-any.whl", hash = "sha256:fe3835eb8d33daece0e799090eda89719dbccee7aa39ef94eed3818cafa5a7e8"},
    {file = "antlr4_python3_runtime-4.13.2.tar.gz", hash = "sha256:909b647e1d2fc2b70180ac586df3933e38919c85f98ccc656a96cd3f25ef3916"},
]

[metadata]
lock-version = "2.0"
python-versions = "^3.9"
content-hash = "a4488296827b7980f5de433f7c7f5c0cedbf1eea6241fa38f99ff105b17cac2f"
